
Microsoft Visual Studio Solution File, Format Version 11.00
# Visual Studio 2012
Project("{FAE04EC0-301F-11D3-BF4B-00C04F79EFBC}") = "Modbus-RS232", "Modbus-RS232\Modbus-RS232.csproj", "{27AA15B4-F150-4B0C-9C85-708855E426E7}"
EndProject
Global
	GlobalSection(SolutionConfigurationPlatforms) = preSolution
		Debug|Any CPU = Debug|Any CPU
		Release|Any CPU = Release|Any CPU
	EndGlobalSection
	GlobalSection(ProjectConfigurationPlatforms) = postSolution
		{27AA15B4-F150-4B0C-9C85-708855E426E7}.Debug|Any CPU.ActiveCfg = Debug|Any CPU
		{27AA15B4-F150-4B0C-9C85-708855E426E7}.Debug|Any CPU.Build.0 = Debug|Any CPU
		{27AA15B4-F150-4B0C-9C85-708855E426E7}.Release|Any CPU.ActiveCfg = Release|Any CPU
		{27AA15B4-F150-4B0C-9C85-708855E426E7}.Release|Any CPU.Build.0 = Release|Any CPU
	EndGlobalSection
	GlobalSection(SolutionProperties) = preSolution
		HideSolutionNode = FALSE
	EndGlobalSection
EndGlobal
