
Microsoft Visual Studio Solution File, Format Version 12.00
# Visual Studio 2012
Project("{FAE04EC0-301F-11D3-BF4B-00C04F79EFBC}") = "Slave", "Slave\Slave.csproj", "{314D984B-70ED-426F-91B0-D85A9C6A859C}"
EndProject
Global
	GlobalSection(SolutionConfigurationPlatforms) = preSolution
		Debug|Any CPU = Debug|Any CPU
		Release|Any CPU = Release|Any CPU
	EndGlobalSection
	GlobalSection(ProjectConfigurationPlatforms) = postSolution
		{314D984B-70ED-426F-91B0-D85A9C6A859C}.Debug|Any CPU.ActiveCfg = Debug|Any CPU
		{314D984B-70ED-426F-91B0-D85A9C6A859C}.Debug|Any CPU.Build.0 = Debug|Any CPU
		{314D984B-70ED-426F-91B0-D85A9C6A859C}.Release|Any CPU.ActiveCfg = Release|Any CPU
		{314D984B-70ED-426F-91B0-D85A9C6A859C}.Release|Any CPU.Build.0 = Release|Any CPU
	EndGlobalSection
	GlobalSection(SolutionProperties) = preSolution
		HideSolutionNode = FALSE
	EndGlobalSection
EndGlobal
